
Microsoft Visual Studio Solution File, Format Version 12.00
# Visual Studio Version 17
VisualStudioVersion = 17.0.31611.283
MinimumVisualStudioVersion = 10.0.40219.1
Project("{9A19103F-16F7-4668-BE54-9A1E7A4F7556}") = "MarriageCalculator", "MarriageCalculator\MarriageCalculator.csproj", "{A0E1C792-2AF8-4DA5-94D8-419B41BD938D}"
EndProject
Project("{9A19103F-16F7-4668-BE54-9A1E7A4F7556}") = "MarriageCalculator.API", "MarriageCalculator.API\MarriageCalculator.API.csproj", "{01DEAB3E-B45B-4155-880F-858A27BDC8E2}"
EndProject
Project("{9A19103F-16F7-4668-BE54-9A1E7A4F7556}") = "MarriageCalculator.Core", "MarriageCalculator.Core\MarriageCalculator.Core.csproj", "{69A6FC03-9B93-4353-A891-DC3C30E399D3}"
EndProject
Global
	GlobalSection(SolutionConfigurationPlatforms) = preSolution
		Debug|Any CPU = Debug|Any CPU
		Release|Any CPU = Release|Any CPU
	EndGlobalSection
	GlobalSection(ProjectConfigurationPlatforms) = postSolution
		{A0E1C792-2AF8-4DA5-94D8-419B41BD938D}.Debug|Any CPU.ActiveCfg = Debug|Any CPU
		{A0E1C792-2AF8-4DA5-94D8-419B41BD938D}.Debug|Any CPU.Build.0 = Debug|Any CPU
		{A0E1C792-2AF8-4DA5-94D8-419B41BD938D}.Debug|Any CPU.Deploy.0 = Debug|Any CPU
		{A0E1C792-2AF8-4DA5-94D8-419B41BD938D}.Release|Any CPU.ActiveCfg = Release|Any CPU
		{A0E1C792-2AF8-4DA5-94D8-419B41BD938D}.Release|Any CPU.Build.0 = Release|Any CPU
		{A0E1C792-2AF8-4DA5-94D8-419B41BD938D}.Release|Any CPU.Deploy.0 = Release|Any CPU
		{01DEAB3E-B45B-4155-880F-858A27BDC8E2}.Debug|Any CPU.ActiveCfg = Debug|Any CPU
		{01DEAB3E-B45B-4155-880F-858A27BDC8E2}.Debug|Any CPU.Build.0 = Debug|Any CPU
		{01DEAB3E-B45B-4155-880F-858A27BDC8E2}.Release|Any CPU.ActiveCfg = Release|Any CPU
		{01DEAB3E-B45B-4155-880F-858A27BDC8E2}.Release|Any CPU.Build.0 = Release|Any CPU
		{69A6FC03-9B93-4353-A891-DC3C30E399D3}.Debug|Any CPU.ActiveCfg = Debug|Any CPU
		{69A6FC03-9B93-4353-A891-DC3C30E399D3}.Debug|Any CPU.Build.0 = Debug|Any CPU
		{69A6FC03-9B93-4353-A891-DC3C30E399D3}.Release|Any CPU.ActiveCfg = Release|Any CPU
		{69A6FC03-9B93-4353-A891-DC3C30E399D3}.Release|Any CPU.Build.0 = Release|Any CPU
	EndGlobalSection
	GlobalSection(SolutionProperties) = preSolution
		HideSolutionNode = FALSE
	EndGlobalSection
	GlobalSection(ExtensibilityGlobals) = postSolution
		SolutionGuid = {61F7FB11-1E47-470C-91E2-47F8143E1572}
	EndGlobalSection
EndGlobal
